// !$*UTF8*$!
{
	archiveVersion = 1;
	classes = {
	};
	objectVersion = 45;
	objects = {

/* Begin PBXBuildFile section */
		2AB6B01315538484007C3547 /* binary.cpp in Sources */ = {isa = PBXBuildFile; fileRef = 2AB6B01215538484007C3547 /* binary.cpp */; };
		2ACF55F21477693B00991ED5 /* aliasmanager.h in Headers */ = {isa = PBXBuildFile; fileRef = 2ACF55A31477693B00991ED5 /* aliasmanager.h */; };
		2ACF55F31477693B00991ED5 /* anchor.h in Headers */ = {isa = PBXBuildFile; fileRef = 2ACF55A41477693B00991ED5 /* anchor.h */; };
		2ACF55F41477693B00991ED5 /* anchordict.h in Headers */ = {isa = PBXBuildFile; fileRef = 2ACF55A61477693B00991ED5 /* anchordict.h */; };
		2ACF55F51477693B00991ED5 /* graphbuilder.h in Headers */ = {isa = PBXBuildFile; fileRef = 2ACF55A71477693B00991ED5 /* graphbuilder.h */; };
		2ACF55F61477693B00991ED5 /* conversion.h in Headers */ = {isa = PBXBuildFile; fileRef = 2ACF55A81477693B00991ED5 /* conversion.h */; };
		2ACF55F71477693B00991ED5 /* dll.h in Headers */ = {isa = PBXBuildFile; fileRef = 2ACF55A91477693B00991ED5 /* dll.h */; };
		2ACF55F81477693B00991ED5 /* emitfromevents.h in Headers */ = {isa = PBXBuildFile; fileRef = 2ACF55AA1477693B00991ED5 /* emitfromevents.h */; };
		2ACF55F91477693B00991ED5 /* emitter.h in Headers */ = {isa = PBXBuildFile; fileRef = 2ACF55AB1477693B00991ED5 /* emitter.h */; };
		2ACF55FA1477693B00991ED5 /* emittermanip.h in Headers */ = {isa = PBXBuildFile; fileRef = 2ACF55AC1477693B00991ED5 /* emittermanip.h */; };
		2ACF55FB1477693B00991ED5 /* eventhandler.h in Headers */ = {isa = PBXBuildFile; fileRef = 2ACF55AD1477693B00991ED5 /* eventhandler.h */; };
		2ACF55FC1477693B00991ED5 /* exceptions.h in Headers */ = {isa = PBXBuildFile; fileRef = 2ACF55AE1477693B00991ED5 /* exceptions.h */; };
		2ACF55FD1477693B00991ED5 /* iterator.h in Headers */ = {isa = PBXBuildFile; fileRef = 2ACF55AF1477693B00991ED5 /* iterator.h */; };
		2ACF55FE1477693B00991ED5 /* ltnode.h in Headers */ = {isa = PBXBuildFile; fileRef = 2ACF55B01477693B00991ED5 /* ltnode.h */; };
		2ACF55FF1477693B00991ED5 /* mark.h in Headers */ = {isa = PBXBuildFile; fileRef = 2ACF55B11477693B00991ED5 /* mark.h */; };
		2ACF56001477693B00991ED5 /* node.h in Headers */ = {isa = PBXBuildFile; fileRef = 2ACF55B21477693B00991ED5 /* node.h */; };
		2ACF56011477693B00991ED5 /* nodeimpl.h in Headers */ = {isa = PBXBuildFile; fileRef = 2ACF55B31477693B00991ED5 /* nodeimpl.h */; };
		2ACF56021477693B00991ED5 /* nodereadimpl.h in Headers */ = {isa = PBXBuildFile; fileRef = 2ACF55B41477693B00991ED5 /* nodereadimpl.h */; };
		2ACF56031477693B00991ED5 /* nodeutil.h in Headers */ = {isa = PBXBuildFile; fileRef = 2ACF55B51477693B00991ED5 /* nodeutil.h */; };
		2ACF56041477693B00991ED5 /* noncopyable.h in Headers */ = {isa = PBXBuildFile; fileRef = 2ACF55B61477693B00991ED5 /* noncopyable.h */; };
		2ACF56051477693B00991ED5 /* null.h in Headers */ = {isa = PBXBuildFile; fileRef = 2ACF55B71477693B00991ED5 /* null.h */; };
		2ACF56061477693B00991ED5 /* ostream.h in Headers */ = {isa = PBXBuildFile; fileRef = 2ACF55B81477693B00991ED5 /* ostream.h */; };
		2ACF56071477693B00991ED5 /* parser.h in Headers */ = {isa = PBXBuildFile; fileRef = 2ACF55B91477693B00991ED5 /* parser.h */; };
		2ACF56081477693B00991ED5 /* stlemitter.h in Headers */ = {isa = PBXBuildFile; fileRef = 2ACF55BA1477693B00991ED5 /* stlemitter.h */; };
		2ACF56091477693B00991ED5 /* stlnode.h in Headers */ = {isa = PBXBuildFile; fileRef = 2ACF55BB1477693B00991ED5 /* stlnode.h */; };
		2ACF560A1477693B00991ED5 /* traits.h in Headers */ = {isa = PBXBuildFile; fileRef = 2ACF55BC1477693B00991ED5 /* traits.h */; };
		2ACF560B1477693B00991ED5 /* yaml.h in Headers */ = {isa = PBXBuildFile; fileRef = 2ACF55BD1477693B00991ED5 /* yaml.h */; };
		2ACF560C1477693B00991ED5 /* aliasmanager.cpp in Sources */ = {isa = PBXBuildFile; fileRef = 2ACF55BF1477693B00991ED5 /* aliasmanager.cpp */; };
		2ACF560D1477693B00991ED5 /* collectionstack.h in Headers */ = {isa = PBXBuildFile; fileRef = 2ACF55C01477693B00991ED5 /* collectionstack.h */; };
		2ACF560E1477693B00991ED5 /* graphbuilder.cpp in Sources */ = {isa = PBXBuildFile; fileRef = 2ACF55C21477693B00991ED5 /* graphbuilder.cpp */; };
		2ACF560F1477693B00991ED5 /* graphbuilderadapter.cpp in Sources */ = {isa = PBXBuildFile; fileRef = 2ACF55C31477693B00991ED5 /* graphbuilderadapter.cpp */; };
		2ACF56101477693B00991ED5 /* graphbuilderadapter.h in Headers */ = {isa = PBXBuildFile; fileRef = 2ACF55C41477693B00991ED5 /* graphbuilderadapter.h */; };
		2ACF56111477693B00991ED5 /* conversion.cpp in Sources */ = {isa = PBXBuildFile; fileRef = 2ACF55C51477693B00991ED5 /* conversion.cpp */; };
		2ACF56121477693B00991ED5 /* directives.cpp in Sources */ = {isa = PBXBuildFile; fileRef = 2ACF55C61477693B00991ED5 /* directives.cpp */; };
		2ACF56131477693B00991ED5 /* directives.h in Headers */ = {isa = PBXBuildFile; fileRef = 2ACF55C71477693B00991ED5 /* directives.h */; };
		2ACF56141477693B00991ED5 /* emitfromevents.cpp in Sources */ = {isa = PBXBuildFile; fileRef = 2ACF55C81477693B00991ED5 /* emitfromevents.cpp */; };
		2ACF56151477693B00991ED5 /* emitter.cpp in Sources */ = {isa = PBXBuildFile; fileRef = 2ACF55C91477693B00991ED5 /* emitter.cpp */; };
		2ACF56161477693B00991ED5 /* emitterstate.cpp in Sources */ = {isa = PBXBuildFile; fileRef = 2ACF55CA1477693B00991ED5 /* emitterstate.cpp */; };
		2ACF56171477693B00991ED5 /* emitterstate.h in Headers */ = {isa = PBXBuildFile; fileRef = 2ACF55CB1477693B00991ED5 /* emitterstate.h */; };
		2ACF56181477693B00991ED5 /* emitterutils.cpp in Sources */ = {isa = PBXBuildFile; fileRef = 2ACF55CC1477693B00991ED5 /* emitterutils.cpp */; };
		2ACF56191477693B00991ED5 /* emitterutils.h in Headers */ = {isa = PBXBuildFile; fileRef = 2ACF55CD1477693B00991ED5 /* emitterutils.h */; };
		2ACF561A1477693B00991ED5 /* exp.cpp in Sources */ = {isa = PBXBuildFile; fileRef = 2ACF55CE1477693B00991ED5 /* exp.cpp */; };
		2ACF561B1477693B00991ED5 /* exp.h in Headers */ = {isa = PBXBuildFile; fileRef = 2ACF55CF1477693B00991ED5 /* exp.h */; };
		2ACF561C1477693B00991ED5 /* indentation.h in Headers */ = {isa = PBXBuildFile; fileRef = 2ACF55D01477693B00991ED5 /* indentation.h */; };
		2ACF561D1477693B00991ED5 /* iterator.cpp in Sources */ = {isa = PBXBuildFile; fileRef = 2ACF55D11477693B00991ED5 /* iterator.cpp */; };
		2ACF561E1477693B00991ED5 /* iterpriv.h in Headers */ = {isa = PBXBuildFile; fileRef = 2ACF55D21477693B00991ED5 /* iterpriv.h */; };
		2ACF561F1477693B00991ED5 /* node.cpp in Sources */ = {isa = PBXBuildFile; fileRef = 2ACF55D31477693B00991ED5 /* node.cpp */; };
		2ACF56201477693B00991ED5 /* nodebuilder.cpp in Sources */ = {isa = PBXBuildFile; fileRef = 2ACF55D41477693B00991ED5 /* nodebuilder.cpp */; };
		2ACF56211477693B00991ED5 /* nodebuilder.h in Headers */ = {isa = PBXBuildFile; fileRef = 2ACF55D51477693B00991ED5 /* nodebuilder.h */; };
		2ACF56221477693B00991ED5 /* nodeownership.cpp in Sources */ = {isa = PBXBuildFile; fileRef = 2ACF55D61477693B00991ED5 /* nodeownership.cpp */; };
		2ACF56231477693B00991ED5 /* nodeownership.h in Headers */ = {isa = PBXBuildFile; fileRef = 2ACF55D71477693B00991ED5 /* nodeownership.h */; };
		2ACF56241477693B00991ED5 /* null.cpp in Sources */ = {isa = PBXBuildFile; fileRef = 2ACF55D81477693B00991ED5 /* null.cpp */; };
		2ACF56251477693B00991ED5 /* ostream.cpp in Sources */ = {isa = PBXBuildFile; fileRef = 2ACF55D91477693B00991ED5 /* ostream.cpp */; };
		2ACF56261477693B00991ED5 /* parser.cpp in Sources */ = {isa = PBXBuildFile; fileRef = 2ACF55DA1477693B00991ED5 /* parser.cpp */; };
		2ACF56271477693B00991ED5 /* ptr_stack.h in Headers */ = {isa = PBXBuildFile; fileRef = 2ACF55DB1477693B00991ED5 /* ptr_stack.h */; };
		2ACF56281477693B00991ED5 /* ptr_vector.h in Headers */ = {isa = PBXBuildFile; fileRef = 2ACF55DC1477693B00991ED5 /* ptr_vector.h */; };
		2ACF56291477693B00991ED5 /* regex.cpp in Sources */ = {isa = PBXBuildFile; fileRef = 2ACF55DD1477693B00991ED5 /* regex.cpp */; };
		2ACF562A1477693B00991ED5 /* regex.h in Headers */ = {isa = PBXBuildFile; fileRef = 2ACF55DE1477693B00991ED5 /* regex.h */; };
		2ACF562B1477693B00991ED5 /* regeximpl.h in Headers */ = {isa = PBXBuildFile; fileRef = 2ACF55DF1477693B00991ED5 /* regeximpl.h */; };
		2ACF562C1477693B00991ED5 /* scanner.cpp in Sources */ = {isa = PBXBuildFile; fileRef = 2ACF55E01477693B00991ED5 /* scanner.cpp */; };
		2ACF562D1477693B00991ED5 /* scanner.h in Headers */ = {isa = PBXBuildFile; fileRef = 2ACF55E11477693B00991ED5 /* scanner.h */; };
		2ACF562E1477693B00991ED5 /* scanscalar.cpp in Sources */ = {isa = PBXBuildFile; fileRef = 2ACF55E21477693B00991ED5 /* scanscalar.cpp */; };
		2ACF562F1477693B00991ED5 /* scanscalar.h in Headers */ = {isa = PBXBuildFile; fileRef = 2ACF55E31477693B00991ED5 /* scanscalar.h */; };
		2ACF56301477693B00991ED5 /* scantag.cpp in Sources */ = {isa = PBXBuildFile; fileRef = 2ACF55E41477693B00991ED5 /* scantag.cpp */; };
		2ACF56311477693B00991ED5 /* scantag.h in Headers */ = {isa = PBXBuildFile; fileRef = 2ACF55E51477693B00991ED5 /* scantag.h */; };
		2ACF56321477693B00991ED5 /* scantoken.cpp in Sources */ = {isa = PBXBuildFile; fileRef = 2ACF55E61477693B00991ED5 /* scantoken.cpp */; };
		2ACF56331477693B00991ED5 /* setting.h in Headers */ = {isa = PBXBuildFile; fileRef = 2ACF55E71477693B00991ED5 /* setting.h */; };
		2ACF56341477693B00991ED5 /* simplekey.cpp in Sources */ = {isa = PBXBuildFile; fileRef = 2ACF55E81477693B00991ED5 /* simplekey.cpp */; };
		2ACF56351477693B00991ED5 /* singledocparser.cpp in Sources */ = {isa = PBXBuildFile; fileRef = 2ACF55E91477693B00991ED5 /* singledocparser.cpp */; };
		2ACF56361477693B00991ED5 /* singledocparser.h in Headers */ = {isa = PBXBuildFile; fileRef = 2ACF55EA1477693B00991ED5 /* singledocparser.h */; };
		2ACF56371477693B00991ED5 /* stream.cpp in Sources */ = {isa = PBXBuildFile; fileRef = 2ACF55EB1477693B00991ED5 /* stream.cpp */; };
		2ACF56381477693B00991ED5 /* stream.h in Headers */ = {isa = PBXBuildFile; fileRef = 2ACF55EC1477693B00991ED5 /* stream.h */; };
		2ACF56391477693B00991ED5 /* streamcharsource.h in Headers */ = {isa = PBXBuildFile; fileRef = 2ACF55ED1477693B00991ED5 /* streamcharsource.h */; };
		2ACF563A1477693B00991ED5 /* stringsource.h in Headers */ = {isa = PBXBuildFile; fileRef = 2ACF55EE1477693B00991ED5 /* stringsource.h */; };
		2ACF563B1477693B00991ED5 /* tag.cpp in Sources */ = {isa = PBXBuildFile; fileRef = 2ACF55EF1477693B00991ED5 /* tag.cpp */; };
		2ACF563C1477693B00991ED5 /* tag.h in Headers */ = {isa = PBXBuildFile; fileRef = 2ACF55F01477693B00991ED5 /* tag.h */; };
		2ACF563D1477693B00991ED5 /* token.h in Headers */ = {isa = PBXBuildFile; fileRef = 2ACF55F11477693B00991ED5 /* token.h */; };
/* End PBXBuildFile section */

/* Begin PBXFileReference section */
		2AB6B01215538484007C3547 /* binary.cpp */ = {isa = PBXFileReference; fileEncoding = 4; lastKnownFileType = sourcecode.cpp.cpp; path = binary.cpp; sourceTree = "<group>"; };
		2ACF559C1477692300991ED5 /* libyaml.a */ = {isa = PBXFileReference; explicitFileType = archive.ar; includeInIndex = 0; path = libyaml.a; sourceTree = BUILT_PRODUCTS_DIR; };
		2ACF55A31477693B00991ED5 /* aliasmanager.h */ = {isa = PBXFileReference; fileEncoding = 4; lastKnownFileType = sourcecode.c.h; path = aliasmanager.h; sourceTree = "<group>"; };
		2ACF55A41477693B00991ED5 /* anchor.h */ = {isa = PBXFileReference; fileEncoding = 4; lastKnownFileType = sourcecode.c.h; path = anchor.h; sourceTree = "<group>"; };
		2ACF55A61477693B00991ED5 /* anchordict.h */ = {isa = PBXFileReference; fileEncoding = 4; lastKnownFileType = sourcecode.c.h; path = anchordict.h; sourceTree = "<group>"; };
		2ACF55A71477693B00991ED5 /* graphbuilder.h */ = {isa = PBXFileReference; fileEncoding = 4; lastKnownFileType = sourcecode.c.h; path = graphbuilder.h; sourceTree = "<group>"; };
		2ACF55A81477693B00991ED5 /* conversion.h */ = {isa = PBXFileReference; fileEncoding = 4; lastKnownFileType = sourcecode.c.h; path = conversion.h; sourceTree = "<group>"; };
		2ACF55A91477693B00991ED5 /* dll.h */ = {isa = PBXFileReference; fileEncoding = 4; lastKnownFileType = sourcecode.c.h; path = dll.h; sourceTree = "<group>"; };
		2ACF55AA1477693B00991ED5 /* emitfromevents.h */ = {isa = PBXFileReference; fileEncoding = 4; lastKnownFileType = sourcecode.c.h; path = emitfromevents.h; sourceTree = "<group>"; };
		2ACF55AB1477693B00991ED5 /* emitter.h */ = {isa = PBXFileReference; fileEncoding = 4; lastKnownFileType = sourcecode.c.h; path = emitter.h; sourceTree = "<group>"; };
		2ACF55AC1477693B00991ED5 /* emittermanip.h */ = {isa = PBXFileReference; fileEncoding = 4; lastKnownFileType = sourcecode.c.h; path = emittermanip.h; sourceTree = "<group>"; };
		2ACF55AD1477693B00991ED5 /* eventhandler.h */ = {isa = PBXFileReference; fileEncoding = 4; lastKnownFileType = sourcecode.c.h; path = eventhandler.h; sourceTree = "<group>"; };
		2ACF55AE1477693B00991ED5 /* exceptions.h */ = {isa = PBXFileReference; fileEncoding = 4; lastKnownFileType = sourcecode.c.h; path = exceptions.h; sourceTree = "<group>"; };
		2ACF55AF1477693B00991ED5 /* iterator.h */ = {isa = PBXFileReference; fileEncoding = 4; lastKnownFileType = sourcecode.c.h; path = iterator.h; sourceTree = "<group>"; };
		2ACF55B01477693B00991ED5 /* ltnode.h */ = {isa = PBXFileReference; fileEncoding = 4; lastKnownFileType = sourcecode.c.h; path = ltnode.h; sourceTree = "<group>"; };
		2ACF55B11477693B00991ED5 /* mark.h */ = {isa = PBXFileReference; fileEncoding = 4; lastKnownFileType = sourcecode.c.h; path = mark.h; sourceTree = "<group>"; };
		2ACF55B21477693B00991ED5 /* node.h */ = {isa = PBXFileReference; fileEncoding = 4; lastKnownFileType = sourcecode.c.h; path = node.h; sourceTree = "<group>"; };
		2ACF55B31477693B00991ED5 /* nodeimpl.h */ = {isa = PBXFileReference; fileEncoding = 4; lastKnownFileType = sourcecode.c.h; path = nodeimpl.h; sourceTree = "<group>"; };
		2ACF55B41477693B00991ED5 /* nodereadimpl.h */ = {isa = PBXFileReference; fileEncoding = 4; lastKnownFileType = sourcecode.c.h; path = nodereadimpl.h; sourceTree = "<group>"; };
		2ACF55B51477693B00991ED5 /* nodeutil.h */ = {isa = PBXFileReference; fileEncoding = 4; lastKnownFileType = sourcecode.c.h; path = nodeutil.h; sourceTree = "<group>"; };
		2ACF55B61477693B00991ED5 /* noncopyable.h */ = {isa = PBXFileReference; fileEncoding = 4; lastKnownFileType = sourcecode.c.h; path = noncopyable.h; sourceTree = "<group>"; };
		2ACF55B71477693B00991ED5 /* null.h */ = {isa = PBXFileReference; fileEncoding = 4; lastKnownFileType = sourcecode.c.h; path = null.h; sourceTree = "<group>"; };
		2ACF55B81477693B00991ED5 /* ostream.h */ = {isa = PBXFileReference; fileEncoding = 4; lastKnownFileType = sourcecode.c.h; path = ostream.h; sourceTree = "<group>"; };
		2ACF55B91477693B00991ED5 /* parser.h */ = {isa = PBXFileReference; fileEncoding = 4; lastKnownFileType = sourcecode.c.h; path = parser.h; sourceTree = "<group>"; };
		2ACF55BA1477693B00991ED5 /* stlemitter.h */ = {isa = PBXFileReference; fileEncoding = 4; lastKnownFileType = sourcecode.c.h; path = stlemitter.h; sourceTree = "<group>"; };
		2ACF55BB1477693B00991ED5 /* stlnode.h */ = {isa = PBXFileReference; fileEncoding = 4; lastKnownFileType = sourcecode.c.h; path = stlnode.h; sourceTree = "<group>"; };
		2ACF55BC1477693B00991ED5 /* traits.h */ = {isa = PBXFileReference; fileEncoding = 4; lastKnownFileType = sourcecode.c.h; path = traits.h; sourceTree = "<group>"; };
		2ACF55BD1477693B00991ED5 /* yaml.h */ = {isa = PBXFileReference; fileEncoding = 4; lastKnownFileType = sourcecode.c.h; path = yaml.h; sourceTree = "<group>"; };
		2ACF55BF1477693B00991ED5 /* aliasmanager.cpp */ = {isa = PBXFileReference; fileEncoding = 4; lastKnownFileType = sourcecode.cpp.cpp; path = aliasmanager.cpp; sourceTree = "<group>"; };
		2ACF55C01477693B00991ED5 /* collectionstack.h */ = {isa = PBXFileReference; fileEncoding = 4; lastKnownFileType = sourcecode.c.h; path = collectionstack.h; sourceTree = "<group>"; };
		2ACF55C21477693B00991ED5 /* graphbuilder.cpp */ = {isa = PBXFileReference; fileEncoding = 4; lastKnownFileType = sourcecode.cpp.cpp; path = graphbuilder.cpp; sourceTree = "<group>"; };
		2ACF55C31477693B00991ED5 /* graphbuilderadapter.cpp */ = {isa = PBXFileReference; fileEncoding = 4; lastKnownFileType = sourcecode.cpp.cpp; path = graphbuilderadapter.cpp; sourceTree = "<group>"; };
		2ACF55C41477693B00991ED5 /* graphbuilderadapter.h */ = {isa = PBXFileReference; fileEncoding = 4; lastKnownFileType = sourcecode.c.h; path = graphbuilderadapter.h; sourceTree = "<group>"; };
		2ACF55C51477693B00991ED5 /* conversion.cpp */ = {isa = PBXFileReference; fileEncoding = 4; lastKnownFileType = sourcecode.cpp.cpp; path = conversion.cpp; sourceTree = "<group>"; };
		2ACF55C61477693B00991ED5 /* directives.cpp */ = {isa = PBXFileReference; fileEncoding = 4; lastKnownFileType = sourcecode.cpp.cpp; path = directives.cpp; sourceTree = "<group>"; };
		2ACF55C71477693B00991ED5 /* directives.h */ = {isa = PBXFileReference; fileEncoding = 4; lastKnownFileType = sourcecode.c.h; path = directives.h; sourceTree = "<group>"; };
		2ACF55C81477693B00991ED5 /* emitfromevents.cpp */ = {isa = PBXFileReference; fileEncoding = 4; lastKnownFileType = sourcecode.cpp.cpp; path = emitfromevents.cpp; sourceTree = "<group>"; };
		2ACF55C91477693B00991ED5 /* emitter.cpp */ = {isa = PBXFileReference; fileEncoding = 4; lastKnownFileType = sourcecode.cpp.cpp; path = emitter.cpp; sourceTree = "<group>"; };
		2ACF55CA1477693B00991ED5 /* emitterstate.cpp */ = {isa = PBXFileReference; fileEncoding = 4; lastKnownFileType = sourcecode.cpp.cpp; path = emitterstate.cpp; sourceTree = "<group>"; };
		2ACF55CB1477693B00991ED5 /* emitterstate.h */ = {isa = PBXFileReference; fileEncoding = 4; lastKnownFileType = sourcecode.c.h; path = emitterstate.h; sourceTree = "<group>"; };
		2ACF55CC1477693B00991ED5 /* emitterutils.cpp */ = {isa = PBXFileReference; fileEncoding = 4; lastKnownFileType = sourcecode.cpp.cpp; path = emitterutils.cpp; sourceTree = "<group>"; };
		2ACF55CD1477693B00991ED5 /* emitterutils.h */ = {isa = PBXFileReference; fileEncoding = 4; lastKnownFileType = sourcecode.c.h; path = emitterutils.h; sourceTree = "<group>"; };
		2ACF55CE1477693B00991ED5 /* exp.cpp */ = {isa = PBXFileReference; fileEncoding = 4; lastKnownFileType = sourcecode.cpp.cpp; path = exp.cpp; sourceTree = "<group>"; };
		2ACF55CF1477693B00991ED5 /* exp.h */ = {isa = PBXFileReference; fileEncoding = 4; lastKnownFileType = sourcecode.c.h; path = exp.h; sourceTree = "<group>"; };
		2ACF55D01477693B00991ED5 /* indentation.h */ = {isa = PBXFileReference; fileEncoding = 4; lastKnownFileType = sourcecode.c.h; path = indentation.h; sourceTree = "<group>"; };
		2ACF55D11477693B00991ED5 /* iterator.cpp */ = {isa = PBXFileReference; fileEncoding = 4; lastKnownFileType = sourcecode.cpp.cpp; path = iterator.cpp; sourceTree = "<group>"; };
		2ACF55D21477693B00991ED5 /* iterpriv.h */ = {isa = PBXFileReference; fileEncoding = 4; lastKnownFileType = sourcecode.c.h; path = iterpriv.h; sourceTree = "<group>"; };
		2ACF55D31477693B00991ED5 /* node.cpp */ = {isa = PBXFileReference; fileEncoding = 4; lastKnownFileType = sourcecode.cpp.cpp; path = node.cpp; sourceTree = "<group>"; };
		2ACF55D41477693B00991ED5 /* nodebuilder.cpp */ = {isa = PBXFileReference; fileEncoding = 4; lastKnownFileType = sourcecode.cpp.cpp; path = nodebuilder.cpp; sourceTree = "<group>"; };
		2ACF55D51477693B00991ED5 /* nodebuilder.h */ = {isa = PBXFileReference; fileEncoding = 4; lastKnownFileType = sourcecode.c.h; path = nodebuilder.h; sourceTree = "<group>"; };
		2ACF55D61477693B00991ED5 /* nodeownership.cpp */ = {isa = PBXFileReference; fileEncoding = 4; lastKnownFileType = sourcecode.cpp.cpp; path = nodeownership.cpp; sourceTree = "<group>"; };
		2ACF55D71477693B00991ED5 /* nodeownership.h */ = {isa = PBXFileReference; fileEncoding = 4; lastKnownFileType = sourcecode.c.h; path = nodeownership.h; sourceTree = "<group>"; };
		2ACF55D81477693B00991ED5 /* null.cpp */ = {isa = PBXFileReference; fileEncoding = 4; lastKnownFileType = sourcecode.cpp.cpp; path = null.cpp; sourceTree = "<group>"; };
		2ACF55D91477693B00991ED5 /* ostream.cpp */ = {isa = PBXFileReference; fileEncoding = 4; lastKnownFileType = sourcecode.cpp.cpp; path = ostream.cpp; sourceTree = "<group>"; };
		2ACF55DA1477693B00991ED5 /* parser.cpp */ = {isa = PBXFileReference; fileEncoding = 4; lastKnownFileType = sourcecode.cpp.cpp; path = parser.cpp; sourceTree = "<group>"; };
		2ACF55DB1477693B00991ED5 /* ptr_stack.h */ = {isa = PBXFileReference; fileEncoding = 4; lastKnownFileType = sourcecode.c.h; path = ptr_stack.h; sourceTree = "<group>"; };
		2ACF55DC1477693B00991ED5 /* ptr_vector.h */ = {isa = PBXFileReference; fileEncoding = 4; lastKnownFileType = sourcecode.c.h; path = ptr_vector.h; sourceTree = "<group>"; };
		2ACF55DD1477693B00991ED5 /* regex.cpp */ = {isa = PBXFileReference; fileEncoding = 4; lastKnownFileType = sourcecode.cpp.cpp; path = regex.cpp; sourceTree = "<group>"; };
		2ACF55DE1477693B00991ED5 /* regex.h */ = {isa = PBXFileReference; fileEncoding = 4; lastKnownFileType = sourcecode.c.h; path = regex.h; sourceTree = "<group>"; };
		2ACF55DF1477693B00991ED5 /* regeximpl.h */ = {isa = PBXFileReference; fileEncoding = 4; lastKnownFileType = sourcecode.c.h; path = regeximpl.h; sourceTree = "<group>"; };
		2ACF55E01477693B00991ED5 /* scanner.cpp */ = {isa = PBXFileReference; fileEncoding = 4; lastKnownFileType = sourcecode.cpp.cpp; path = scanner.cpp; sourceTree = "<group>"; };
		2ACF55E11477693B00991ED5 /* scanner.h */ = {isa = PBXFileReference; fileEncoding = 4; lastKnownFileType = sourcecode.c.h; path = scanner.h; sourceTree = "<group>"; };
		2ACF55E21477693B00991ED5 /* scanscalar.cpp */ = {isa = PBXFileReference; fileEncoding = 4; lastKnownFileType = sourcecode.cpp.cpp; path = scanscalar.cpp; sourceTree = "<group>"; };
		2ACF55E31477693B00991ED5 /* scanscalar.h */ = {isa = PBXFileReference; fileEncoding = 4; lastKnownFileType = sourcecode.c.h; path = scanscalar.h; sourceTree = "<group>"; };
		2ACF55E41477693B00991ED5 /* scantag.cpp */ = {isa = PBXFileReference; fileEncoding = 4; lastKnownFileType = sourcecode.cpp.cpp; path = scantag.cpp; sourceTree = "<group>"; };
		2ACF55E51477693B00991ED5 /* scantag.h */ = {isa = PBXFileReference; fileEncoding = 4; lastKnownFileType = sourcecode.c.h; path = scantag.h; sourceTree = "<group>"; };
		2ACF55E61477693B00991ED5 /* scantoken.cpp */ = {isa = PBXFileReference; fileEncoding = 4; lastKnownFileType = sourcecode.cpp.cpp; path = scantoken.cpp; sourceTree = "<group>"; };
		2ACF55E71477693B00991ED5 /* setting.h */ = {isa = PBXFileReference; fileEncoding = 4; lastKnownFileType = sourcecode.c.h; path = setting.h; sourceTree = "<group>"; };
		2ACF55E81477693B00991ED5 /* simplekey.cpp */ = {isa = PBXFileReference; fileEncoding = 4; lastKnownFileType = sourcecode.cpp.cpp; path = simplekey.cpp; sourceTree = "<group>"; };
		2ACF55E91477693B00991ED5 /* singledocparser.cpp */ = {isa = PBXFileReference; fileEncoding = 4; lastKnownFileType = sourcecode.cpp.cpp; path = singledocparser.cpp; sourceTree = "<group>"; };
		2ACF55EA1477693B00991ED5 /* singledocparser.h */ = {isa = PBXFileReference; fileEncoding = 4; lastKnownFileType = sourcecode.c.h; path = singledocparser.h; sourceTree = "<group>"; };
		2ACF55EB1477693B00991ED5 /* stream.cpp */ = {isa = PBXFileReference; fileEncoding = 4; lastKnownFileType = sourcecode.cpp.cpp; path = stream.cpp; sourceTree = "<group>"; };
		2ACF55EC1477693B00991ED5 /* stream.h */ = {isa = PBXFileReference; fileEncoding = 4; lastKnownFileType = sourcecode.c.h; path = stream.h; sourceTree = "<group>"; };
		2ACF55ED1477693B00991ED5 /* streamcharsource.h */ = {isa = PBXFileReference; fileEncoding = 4; lastKnownFileType = sourcecode.c.h; path = streamcharsource.h; sourceTree = "<group>"; };
		2ACF55EE1477693B00991ED5 /* stringsource.h */ = {isa = PBXFileReference; fileEncoding = 4; lastKnownFileType = sourcecode.c.h; path = stringsource.h; sourceTree = "<group>"; };
		2ACF55EF1477693B00991ED5 /* tag.cpp */ = {isa = PBXFileReference; fileEncoding = 4; lastKnownFileType = sourcecode.cpp.cpp; path = tag.cpp; sourceTree = "<group>"; };
		2ACF55F01477693B00991ED5 /* tag.h */ = {isa = PBXFileReference; fileEncoding = 4; lastKnownFileType = sourcecode.c.h; path = tag.h; sourceTree = "<group>"; };
		2ACF55F11477693B00991ED5 /* token.h */ = {isa = PBXFileReference; fileEncoding = 4; lastKnownFileType = sourcecode.c.h; path = token.h; sourceTree = "<group>"; };
/* End PBXFileReference section */

/* Begin PBXFrameworksBuildPhase section */
		2ACF559A1477692300991ED5 /* Frameworks */ = {
			isa = PBXFrameworksBuildPhase;
			buildActionMask = 2147483647;
			files = (
			);
			runOnlyForDeploymentPostprocessing = 0;
		};
/* End PBXFrameworksBuildPhase section */

/* Begin PBXGroup section */
		034768DDFF38A45A11DB9C8B /* Products */ = {
			isa = PBXGroup;
			children = (
				2ACF559C1477692300991ED5 /* libyaml.a */,
			);
			name = Products;
			sourceTree = "<group>";
		};
		0867D691FE84028FC02AAC07 /* yaml */ = {
			isa = PBXGroup;
			children = (
				2ACF55A01477693B00991ED5 /* yaml-cpp */,
				034768DDFF38A45A11DB9C8B /* Products */,
			);
			name = yaml;
			sourceTree = "<group>";
		};
		2ACF55A01477693B00991ED5 /* yaml-cpp */ = {
			isa = PBXGroup;
			children = (
				2ACF55A11477693B00991ED5 /* include */,
				2ACF55BE1477693B00991ED5 /* src */,
			);
			name = "yaml-cpp";
			path = "../../../../ext/yaml-cpp";
			sourceTree = SOURCE_ROOT;
		};
		2ACF55A11477693B00991ED5 /* include */ = {
			isa = PBXGroup;
			children = (
				2ACF55A21477693B00991ED5 /* yaml-cpp */,
			);
			path = include;
			sourceTree = "<group>";
		};
		2ACF55A21477693B00991ED5 /* yaml-cpp */ = {
			isa = PBXGroup;
			children = (
				2ACF55A31477693B00991ED5 /* aliasmanager.h */,
				2ACF55A41477693B00991ED5 /* anchor.h */,
				2ACF55A51477693B00991ED5 /* contrib */,
				2ACF55A81477693B00991ED5 /* conversion.h */,
				2ACF55A91477693B00991ED5 /* dll.h */,
				2ACF55AA1477693B00991ED5 /* emitfromevents.h */,
				2ACF55AB1477693B00991ED5 /* emitter.h */,
				2ACF55AC1477693B00991ED5 /* emittermanip.h */,
				2ACF55AD1477693B00991ED5 /* eventhandler.h */,
				2ACF55AE1477693B00991ED5 /* exceptions.h */,
				2ACF55AF1477693B00991ED5 /* iterator.h */,
				2ACF55B01477693B00991ED5 /* ltnode.h */,
				2ACF55B11477693B00991ED5 /* mark.h */,
				2ACF55B21477693B00991ED5 /* node.h */,
				2ACF55B31477693B00991ED5 /* nodeimpl.h */,
				2ACF55B41477693B00991ED5 /* nodereadimpl.h */,
				2ACF55B51477693B00991ED5 /* nodeutil.h */,
				2ACF55B61477693B00991ED5 /* noncopyable.h */,
				2ACF55B71477693B00991ED5 /* null.h */,
				2ACF55B81477693B00991ED5 /* ostream.h */,
				2ACF55B91477693B00991ED5 /* parser.h */,
				2ACF55BA1477693B00991ED5 /* stlemitter.h */,
				2ACF55BB1477693B00991ED5 /* stlnode.h */,
				2ACF55BC1477693B00991ED5 /* traits.h */,
				2ACF55BD1477693B00991ED5 /* yaml.h */,
			);
			path = "yaml-cpp";
			sourceTree = "<group>";
		};
		2ACF55A51477693B00991ED5 /* contrib */ = {
			isa = PBXGroup;
			children = (
				2ACF55A61477693B00991ED5 /* anchordict.h */,
				2ACF55A71477693B00991ED5 /* graphbuilder.h */,
			);
			path = contrib;
			sourceTree = "<group>";
		};
		2ACF55BE1477693B00991ED5 /* src */ = {
			isa = PBXGroup;
			children = (
				2ACF55BF1477693B00991ED5 /* aliasmanager.cpp */,
				2AB6B01215538484007C3547 /* binary.cpp */,
				2ACF55C01477693B00991ED5 /* collectionstack.h */,
				2ACF55C11477693B00991ED5 /* contrib */,
				2ACF55C51477693B00991ED5 /* conversion.cpp */,
				2ACF55C61477693B00991ED5 /* directives.cpp */,
				2ACF55C71477693B00991ED5 /* directives.h */,
				2ACF55C81477693B00991ED5 /* emitfromevents.cpp */,
				2ACF55C91477693B00991ED5 /* emitter.cpp */,
				2ACF55CA1477693B00991ED5 /* emitterstate.cpp */,
				2ACF55CB1477693B00991ED5 /* emitterstate.h */,
				2ACF55CC1477693B00991ED5 /* emitterutils.cpp */,
				2ACF55CD1477693B00991ED5 /* emitterutils.h */,
				2ACF55CE1477693B00991ED5 /* exp.cpp */,
				2ACF55CF1477693B00991ED5 /* exp.h */,
				2ACF55D01477693B00991ED5 /* indentation.h */,
				2ACF55D11477693B00991ED5 /* iterator.cpp */,
				2ACF55D21477693B00991ED5 /* iterpriv.h */,
				2ACF55D31477693B00991ED5 /* node.cpp */,
				2ACF55D41477693B00991ED5 /* nodebuilder.cpp */,
				2ACF55D51477693B00991ED5 /* nodebuilder.h */,
				2ACF55D61477693B00991ED5 /* nodeownership.cpp */,
				2ACF55D71477693B00991ED5 /* nodeownership.h */,
				2ACF55D81477693B00991ED5 /* null.cpp */,
				2ACF55D91477693B00991ED5 /* ostream.cpp */,
				2ACF55DA1477693B00991ED5 /* parser.cpp */,
				2ACF55DB1477693B00991ED5 /* ptr_stack.h */,
				2ACF55DC1477693B00991ED5 /* ptr_vector.h */,
				2ACF55DD1477693B00991ED5 /* regex.cpp */,
				2ACF55DE1477693B00991ED5 /* regex.h */,
				2ACF55DF1477693B00991ED5 /* regeximpl.h */,
				2ACF55E01477693B00991ED5 /* scanner.cpp */,
				2ACF55E11477693B00991ED5 /* scanner.h */,
				2ACF55E21477693B00991ED5 /* scanscalar.cpp */,
				2ACF55E31477693B00991ED5 /* scanscalar.h */,
				2ACF55E41477693B00991ED5 /* scantag.cpp */,
				2ACF55E51477693B00991ED5 /* scantag.h */,
				2ACF55E61477693B00991ED5 /* scantoken.cpp */,
				2ACF55E71477693B00991ED5 /* setting.h */,
				2ACF55E81477693B00991ED5 /* simplekey.cpp */,
				2ACF55E91477693B00991ED5 /* singledocparser.cpp */,
				2ACF55EA1477693B00991ED5 /* singledocparser.h */,
				2ACF55EB1477693B00991ED5 /* stream.cpp */,
				2ACF55EC1477693B00991ED5 /* stream.h */,
				2ACF55ED1477693B00991ED5 /* streamcharsource.h */,
				2ACF55EE1477693B00991ED5 /* stringsource.h */,
				2ACF55EF1477693B00991ED5 /* tag.cpp */,
				2ACF55F01477693B00991ED5 /* tag.h */,
				2ACF55F11477693B00991ED5 /* token.h */,
			);
			path = src;
			sourceTree = "<group>";
		};
		2ACF55C11477693B00991ED5 /* contrib */ = {
			isa = PBXGroup;
			children = (
				2ACF55C21477693B00991ED5 /* graphbuilder.cpp */,
				2ACF55C31477693B00991ED5 /* graphbuilderadapter.cpp */,
				2ACF55C41477693B00991ED5 /* graphbuilderadapter.h */,
			);
			path = contrib;
			sourceTree = "<group>";
		};
/* End PBXGroup section */

/* Begin PBXHeadersBuildPhase section */
		2ACF55981477692300991ED5 /* Headers */ = {
			isa = PBXHeadersBuildPhase;
			buildActionMask = 2147483647;
			files = (
				2ACF55F21477693B00991ED5 /* aliasmanager.h in Headers */,
				2ACF55F31477693B00991ED5 /* anchor.h in Headers */,
				2ACF55F41477693B00991ED5 /* anchordict.h in Headers */,
				2ACF55F51477693B00991ED5 /* graphbuilder.h in Headers */,
				2ACF55F61477693B00991ED5 /* conversion.h in Headers */,
				2ACF55F71477693B00991ED5 /* dll.h in Headers */,
				2ACF55F81477693B00991ED5 /* emitfromevents.h in Headers */,
				2ACF55F91477693B00991ED5 /* emitter.h in Headers */,
				2ACF55FA1477693B00991ED5 /* emittermanip.h in Headers */,
				2ACF55FB1477693B00991ED5 /* eventhandler.h in Headers */,
				2ACF55FC1477693B00991ED5 /* exceptions.h in Headers */,
				2ACF55FD1477693B00991ED5 /* iterator.h in Headers */,
				2ACF55FE1477693B00991ED5 /* ltnode.h in Headers */,
				2ACF55FF1477693B00991ED5 /* mark.h in Headers */,
				2ACF56001477693B00991ED5 /* node.h in Headers */,
				2ACF56011477693B00991ED5 /* nodeimpl.h in Headers */,
				2ACF56021477693B00991ED5 /* nodereadimpl.h in Headers */,
				2ACF56031477693B00991ED5 /* nodeutil.h in Headers */,
				2ACF56041477693B00991ED5 /* noncopyable.h in Headers */,
				2ACF56051477693B00991ED5 /* null.h in Headers */,
				2ACF56061477693B00991ED5 /* ostream.h in Headers */,
				2ACF56071477693B00991ED5 /* parser.h in Headers */,
				2ACF56081477693B00991ED5 /* stlemitter.h in Headers */,
				2ACF56091477693B00991ED5 /* stlnode.h in Headers */,
				2ACF560A1477693B00991ED5 /* traits.h in Headers */,
				2ACF560B1477693B00991ED5 /* yaml.h in Headers */,
				2ACF560D1477693B00991ED5 /* collectionstack.h in Headers */,
				2ACF56101477693B00991ED5 /* graphbuilderadapter.h in Headers */,
				2ACF56131477693B00991ED5 /* directives.h in Headers */,
				2ACF56171477693B00991ED5 /* emitterstate.h in Headers */,
				2ACF56191477693B00991ED5 /* emitterutils.h in Headers */,
				2ACF561B1477693B00991ED5 /* exp.h in Headers */,
				2ACF561C1477693B00991ED5 /* indentation.h in Headers */,
				2ACF561E1477693B00991ED5 /* iterpriv.h in Headers */,
				2ACF56211477693B00991ED5 /* nodebuilder.h in Headers */,
				2ACF56231477693B00991ED5 /* nodeownership.h in Headers */,
				2ACF56271477693B00991ED5 /* ptr_stack.h in Headers */,
				2ACF56281477693B00991ED5 /* ptr_vector.h in Headers */,
				2ACF562A1477693B00991ED5 /* regex.h in Headers */,
				2ACF562B1477693B00991ED5 /* regeximpl.h in Headers */,
				2ACF562D1477693B00991ED5 /* scanner.h in Headers */,
				2ACF562F1477693B00991ED5 /* scanscalar.h in Headers */,
				2ACF56311477693B00991ED5 /* scantag.h in Headers */,
				2ACF56331477693B00991ED5 /* setting.h in Headers */,
				2ACF56361477693B00991ED5 /* singledocparser.h in Headers */,
				2ACF56381477693B00991ED5 /* stream.h in Headers */,
				2ACF56391477693B00991ED5 /* streamcharsource.h in Headers */,
				2ACF563A1477693B00991ED5 /* stringsource.h in Headers */,
				2ACF563C1477693B00991ED5 /* tag.h in Headers */,
				2ACF563D1477693B00991ED5 /* token.h in Headers */,
			);
			runOnlyForDeploymentPostprocessing = 0;
		};
/* End PBXHeadersBuildPhase section */

/* Begin PBXNativeTarget section */
		2ACF559B1477692300991ED5 /* yaml */ = {
			isa = PBXNativeTarget;
			buildConfigurationList = 2ACF559F1477692B00991ED5 /* Build configuration list for PBXNativeTarget "yaml" */;
			buildPhases = (
				2AF56976147991F700F9968C /* Unpack yaml */,
				2ACF55981477692300991ED5 /* Headers */,
				2ACF55991477692300991ED5 /* Sources */,
				2ACF559A1477692300991ED5 /* Frameworks */,
			);
			buildRules = (
			);
			dependencies = (
			);
			name = yaml;
			productName = yaml;
			productReference = 2ACF559C1477692300991ED5 /* libyaml.a */;
			productType = "com.apple.product-type.library.static";
		};
/* End PBXNativeTarget section */

/* Begin PBXProject section */
		0867D690FE84028FC02AAC07 /* Project object */ = {
			isa = PBXProject;
			buildConfigurationList = 1DEB916408733D950010E9CD /* Build configuration list for PBXProject "yaml" */;
			compatibilityVersion = "Xcode 3.1";
			developmentRegion = English;
			hasScannedForEncodings = 1;
			knownRegions = (
				English,
				Japanese,
				French,
				German,
			);
			mainGroup = 0867D691FE84028FC02AAC07 /* yaml */;
			productRefGroup = 034768DDFF38A45A11DB9C8B /* Products */;
			projectDirPath = "";
			projectRoot = "";
			targets = (
				2ACF559B1477692300991ED5 /* yaml */,
			);
		};
/* End PBXProject section */

/* Begin PBXShellScriptBuildPhase section */
		2AF56976147991F700F9968C /* Unpack yaml */ = {
			isa = PBXShellScriptBuildPhase;
			buildActionMask = 2147483647;
			files = (
			);
			inputPaths = (
				"$(SRCROOT)/../../../../ext/yaml-cpp-0.3.0.tar.gz",
				"$(SRCROOT)/../../../../ext/yaml-cpp-0.3.0.patch",
			);
			name = "Unpack yaml";
			outputPaths = (
				"$(SRCROOT)/../../../../ext/yaml-cpp",
			);
			runOnlyForDeploymentPostprocessing = 0;
			shellPath = /bin/sh;
			shellScript = "cd $SRCROOT/../../../../ext\n\nif [ ! -d yaml-cpp ]\nthen\n\ttar -xzf yaml-cpp-0.3.0.tar.gz\n\tpatch -p0 < yaml-cpp-0.3.0.patch\nfi\n";
			showEnvVarsInLog = 0;
		};
/* End PBXShellScriptBuildPhase section */

/* Begin PBXSourcesBuildPhase section */
		2ACF55991477692300991ED5 /* Sources */ = {
			isa = PBXSourcesBuildPhase;
			buildActionMask = 2147483647;
			files = (
				2ACF560C1477693B00991ED5 /* aliasmanager.cpp in Sources */,
				2ACF560E1477693B00991ED5 /* graphbuilder.cpp in Sources */,
				2ACF560F1477693B00991ED5 /* graphbuilderadapter.cpp in Sources */,
				2ACF56111477693B00991ED5 /* conversion.cpp in Sources */,
				2ACF56121477693B00991ED5 /* directives.cpp in Sources */,
				2ACF56141477693B00991ED5 /* emitfromevents.cpp in Sources */,
				2ACF56151477693B00991ED5 /* emitter.cpp in Sources */,
				2ACF56161477693B00991ED5 /* emitterstate.cpp in Sources */,
				2ACF56181477693B00991ED5 /* emitterutils.cpp in Sources */,
				2ACF561A1477693B00991ED5 /* exp.cpp in Sources */,
				2ACF561D1477693B00991ED5 /* iterator.cpp in Sources */,
				2ACF561F1477693B00991ED5 /* node.cpp in Sources */,
				2ACF56201477693B00991ED5 /* nodebuilder.cpp in Sources */,
				2ACF56221477693B00991ED5 /* nodeownership.cpp in Sources */,
				2ACF56241477693B00991ED5 /* null.cpp in Sources */,
				2ACF56251477693B00991ED5 /* ostream.cpp in Sources */,
				2ACF56261477693B00991ED5 /* parser.cpp in Sources */,
				2ACF56291477693B00991ED5 /* regex.cpp in Sources */,
				2ACF562C1477693B00991ED5 /* scanner.cpp in Sources */,
				2ACF562E1477693B00991ED5 /* scanscalar.cpp in Sources */,
				2ACF56301477693B00991ED5 /* scantag.cpp in Sources */,
				2ACF56321477693B00991ED5 /* scantoken.cpp in Sources */,
				2ACF56341477693B00991ED5 /* simplekey.cpp in Sources */,
				2ACF56351477693B00991ED5 /* singledocparser.cpp in Sources */,
				2ACF56371477693B00991ED5 /* stream.cpp in Sources */,
				2ACF563B1477693B00991ED5 /* tag.cpp in Sources */,
				2AB6B01315538484007C3547 /* binary.cpp in Sources */,
			);
			runOnlyForDeploymentPostprocessing = 0;
		};
/* End PBXSourcesBuildPhase section */

/* Begin XCBuildConfiguration section */
		1DEB916508733D950010E9CD /* Debug */ = {
			isa = XCBuildConfiguration;
			buildSettings = {
				ARCHS = "$(ARCHS_STANDARD_32_64_BIT)";
				GCC_C_LANGUAGE_STANDARD = gnu99;
				GCC_OPTIMIZATION_LEVEL = 0;
				GCC_WARN_ABOUT_RETURN_TYPE = YES;
				GCC_WARN_UNUSED_VARIABLE = YES;
				HEADER_SEARCH_PATHS = "../../../../ext/yaml-cpp/include";
				ONLY_ACTIVE_ARCH = YES;
				PREBINDING = NO;
				SDKROOT = macosx10.5;
			};
			name = Debug;
		};
		1DEB916608733D950010E9CD /* Release */ = {
			isa = XCBuildConfiguration;
			buildSettings = {
				ARCHS = "$(ARCHS_STANDARD_32_64_BIT)";
				GCC_C_LANGUAGE_STANDARD = gnu99;
				GCC_PREPROCESSOR_DEFINITIONS = NDEBUG;
				GCC_WARN_ABOUT_RETURN_TYPE = YES;
				GCC_WARN_UNUSED_VARIABLE = YES;
				HEADER_SEARCH_PATHS = "../../../../ext/yaml-cpp/include";
				PREBINDING = NO;
				SDKROOT = macosx10.5;
			};
			name = Release;
		};
		2ACF559D1477692300991ED5 /* Debug */ = {
			isa = XCBuildConfiguration;
			buildSettings = {
				ALWAYS_SEARCH_USER_PATHS = NO;
				COPY_PHASE_STRIP = NO;
				GCC_DYNAMIC_NO_PIC = NO;
				GCC_ENABLE_FIX_AND_CONTINUE = YES;
				GCC_MODEL_TUNING = G5;
				GCC_OPTIMIZATION_LEVEL = 0;
				INSTALL_PATH = /usr/local/lib;
				PREBINDING = NO;
				PRODUCT_NAME = yaml;
			};
			name = Debug;
		};
		2ACF559E1477692300991ED5 /* Release */ = {
			isa = XCBuildConfiguration;
			buildSettings = {
				ALWAYS_SEARCH_USER_PATHS = NO;
				COPY_PHASE_STRIP = YES;
				DEBUG_INFORMATION_FORMAT = "dwarf-with-dsym";
				GCC_ENABLE_FIX_AND_CONTINUE = NO;
				GCC_MODEL_TUNING = G5;
				INSTALL_PATH = /usr/local/lib;
				PREBINDING = NO;
				PRODUCT_NAME = yaml;
				ZERO_LINK = NO;
			};
			name = Release;
		};
/* End XCBuildConfiguration section */

/* Begin XCConfigurationList section */
		1DEB916408733D950010E9CD /* Build configuration list for PBXProject "yaml" */ = {
			isa = XCConfigurationList;
			buildConfigurations = (
				1DEB916508733D950010E9CD /* Debug */,
				1DEB916608733D950010E9CD /* Release */,
			);
			defaultConfigurationIsVisible = 0;
			defaultConfigurationName = Release;
		};
		2ACF559F1477692B00991ED5 /* Build configuration list for PBXNativeTarget "yaml" */ = {
			isa = XCConfigurationList;
			buildConfigurations = (
				2ACF559D1477692300991ED5 /* Debug */,
				2ACF559E1477692300991ED5 /* Release */,
			);
			defaultConfigurationIsVisible = 0;
			defaultConfigurationName = Release;
		};
/* End XCConfigurationList section */
	};
	rootObject = 0867D690FE84028FC02AAC07 /* Project object */;
}
