
Microsoft Visual Studio Solution File, Format Version 10.00
# Visual Studio 2008
Project("{8BC9CEB8-8B4A-11D0-8D11-00A0C91BC942}") = "OpenColorIO_AE", "OpenColorIO_AE.vcproj", "{78FCC6BC-06A9-43AE-827A-1B68FFB7D75F}"
	ProjectSection(ProjectDependencies) = postProject
		{069FB60C-57CE-4D0F-9EC2-068E2A3F2930} = {069FB60C-57CE-4D0F-9EC2-068E2A3F2930}
		{8B308357-C548-49D9-9134-8A61D57D524C} = {8B308357-C548-49D9-9134-8A61D57D524C}
		{A19BA95E-D8ED-4958-883B-32561AF905EA} = {A19BA95E-D8ED-4958-883B-32561AF905EA}
		{CC244BA5-4CA8-4B4F-B4CA-3394BF9E9FED} = {CC244BA5-4CA8-4B4F-B4CA-3394BF9E9FED}
		{F1DAC6DE-348A-4215-87B2-7584578291AC} = {F1DAC6DE-348A-4215-87B2-7584578291AC}
	EndProjectSection
EndProject
Project("{8BC9CEB8-8B4A-11D0-8D11-00A0C91BC942}") = "OpenColorIO", "..\OpenColorIO.vcproj", "{8B308357-C548-49D9-9134-8A61D57D524C}"
EndProject
Project("{8BC9CEB8-8B4A-11D0-8D11-00A0C91BC942}") = "lcms", "..\ext\lcms.vcproj", "{069FB60C-57CE-4D0F-9EC2-068E2A3F2930}"
EndProject
Project("{8BC9CEB8-8B4A-11D0-8D11-00A0C91BC942}") = "tinyxml", "..\ext\tinyxml.vcproj", "{A19BA95E-D8ED-4958-883B-32561AF905EA}"
EndProject
Project("{8BC9CEB8-8B4A-11D0-8D11-00A0C91BC942}") = "yaml", "..\ext\yaml.vcproj", "{F1DAC6DE-348A-4215-87B2-7584578291AC}"
EndProject
Project("{8BC9CEB8-8B4A-11D0-8D11-00A0C91BC942}") = "glew", "..\ext\glew.vcproj", "{CC244BA5-4CA8-4B4F-B4CA-3394BF9E9FED}"
EndProject
Global
	GlobalSection(SolutionConfigurationPlatforms) = preSolution
		Debug|x64 = Debug|x64
		Release|x64 = Release|x64
	EndGlobalSection
	GlobalSection(ProjectConfigurationPlatforms) = postSolution
		{78FCC6BC-06A9-43AE-827A-1B68FFB7D75F}.Debug|x64.ActiveCfg = Debug|x64
		{78FCC6BC-06A9-43AE-827A-1B68FFB7D75F}.Debug|x64.Build.0 = Debug|x64
		{78FCC6BC-06A9-43AE-827A-1B68FFB7D75F}.Release|x64.ActiveCfg = Release|x64
		{78FCC6BC-06A9-43AE-827A-1B68FFB7D75F}.Release|x64.Build.0 = Release|x64
		{8B308357-C548-49D9-9134-8A61D57D524C}.Debug|x64.ActiveCfg = Debug|x64
		{8B308357-C548-49D9-9134-8A61D57D524C}.Debug|x64.Build.0 = Debug|x64
		{8B308357-C548-49D9-9134-8A61D57D524C}.Release|x64.ActiveCfg = Release|x64
		{8B308357-C548-49D9-9134-8A61D57D524C}.Release|x64.Build.0 = Release|x64
		{069FB60C-57CE-4D0F-9EC2-068E2A3F2930}.Debug|x64.ActiveCfg = Debug|x64
		{069FB60C-57CE-4D0F-9EC2-068E2A3F2930}.Debug|x64.Build.0 = Debug|x64
		{069FB60C-57CE-4D0F-9EC2-068E2A3F2930}.Release|x64.ActiveCfg = Release|x64
		{069FB60C-57CE-4D0F-9EC2-068E2A3F2930}.Release|x64.Build.0 = Release|x64
		{A19BA95E-D8ED-4958-883B-32561AF905EA}.Debug|x64.ActiveCfg = Debug|x64
		{A19BA95E-D8ED-4958-883B-32561AF905EA}.Debug|x64.Build.0 = Debug|x64
		{A19BA95E-D8ED-4958-883B-32561AF905EA}.Release|x64.ActiveCfg = Release|x64
		{A19BA95E-D8ED-4958-883B-32561AF905EA}.Release|x64.Build.0 = Release|x64
		{F1DAC6DE-348A-4215-87B2-7584578291AC}.Debug|x64.ActiveCfg = Debug|x64
		{F1DAC6DE-348A-4215-87B2-7584578291AC}.Debug|x64.Build.0 = Debug|x64
		{F1DAC6DE-348A-4215-87B2-7584578291AC}.Release|x64.ActiveCfg = Release|x64
		{F1DAC6DE-348A-4215-87B2-7584578291AC}.Release|x64.Build.0 = Release|x64
		{CC244BA5-4CA8-4B4F-B4CA-3394BF9E9FED}.Debug|x64.ActiveCfg = Debug|x64
		{CC244BA5-4CA8-4B4F-B4CA-3394BF9E9FED}.Debug|x64.Build.0 = Debug|x64
		{CC244BA5-4CA8-4B4F-B4CA-3394BF9E9FED}.Release|x64.ActiveCfg = Release|x64
		{CC244BA5-4CA8-4B4F-B4CA-3394BF9E9FED}.Release|x64.Build.0 = Release|x64
	EndGlobalSection
	GlobalSection(SolutionProperties) = preSolution
		HideSolutionNode = FALSE
	EndGlobalSection
EndGlobal
